<?xml version="1.0" encoding="utf-8"?>
<Project ToolsVersion="4.0" xmlns="http://schemas.microsoft.com/developer/msbuild/2003">
  <ItemGroup>
    <ClCompile Include="src\systems\AIUpdateSystem.cpp">
      <Filter>Sources\Systems</Filter>
    </ClCompile>
    <ClCompile Include="src\systems\CollisionCheckingSystem.cpp">
      <Filter>Sources\Systems</Filter>
    </ClCompile>
    <ClCompile Include="src\systems\ai_systems\DefaultAIBehaviors.cpp">
      <Filter>Sources\Systems\AI_Systems</Filter>
    </ClCompile>
    <ClCompile Include="src\systems\ai_systems\DefaultAIUpdateSystem.cpp">
      <Filter>Sources\Systems\AI_Systems</Filter>
    </ClCompile>
    <ClCompile Include="src\core\GameController.cpp">
      <Filter>Sources\Core</Filter>
    </ClCompile>
    <ClCompile Include="src\core\GameStateController.cpp">
      <Filter>Sources\Core</Filter>
    </ClCompile>
    <ClCompile Include="src\utilities\GameFunctions.cpp">
      <Filter>Sources\Utilities</Filter>
    </ClCompile>
    <ClCompile Include="src\core\GuiController.cpp">
      <Filter>Sources\Core</Filter>
    </ClCompile>
    <ClCompile Include="src\gui\GuiMainMenu.cpp">
      <Filter>Sources\Gui</Filter>
    </ClCompile>
    <ClCompile Include="src\gui\GuiPauseMenu.cpp">
      <Filter>Sources\Gui</Filter>
    </ClCompile>
    <ClCompile Include="src\systems\HealthAndShieldSystems.cpp">
      <Filter>Sources\Systems</Filter>
    </ClCompile>
    <ClCompile Include="src\systems\IrrlichtRigidBodyPositionSystem.cpp">
      <Filter>Sources\Systems</Filter>
    </ClCompile>
    <ClCompile Include="src\utilities\IrrlichtUtils.cpp">
      <Filter>Sources\Utilities</Filter>
    </ClCompile>
    <ClCompile Include="src\core\main.cpp">
      <Filter>Sources\Core</Filter>
    </ClCompile>
    <ClCompile Include="src\core\Networking.cpp">
      <Filter>Sources\Core</Filter>
    </ClCompile>
    <ClCompile Include="src\systems\PlayerUpdateSystem.cpp">
      <Filter>Sources\Systems</Filter>
    </ClCompile>
    <ClCompile Include="src\systems\ProjectileSystem.cpp">
      <Filter>Sources\Systems</Filter>
    </ClCompile>
    <ClCompile Include="src\systems\ShipControlSystem.cpp">
      <Filter>Sources\Systems</Filter>
    </ClCompile>
    <ClCompile Include="src\utilities\ShipMovementUtils.cpp">
      <Filter>Sources\Utilities</Filter>
    </ClCompile>
    <ClCompile Include="src\systems\WeaponFiringSystem.cpp">
      <Filter>Sources\Systems</Filter>
    </ClCompile>
    <ClCompile Include="src\gui\GuiDialog.cpp">
      <Filter>Sources\Gui</Filter>
    </ClCompile>
    <ClCompile Include="src\gui\hud\HUDActiveSelection.cpp">
      <Filter>Sources\Gui\HUD</Filter>
    </ClCompile>
    <ClCompile Include="src\systems\SensorUpdateSystem.cpp">
      <Filter>Sources\Systems</Filter>
    </ClCompile>
    <ClCompile Include="src\gui\hud\HUDContact.cpp">
      <Filter>Sources\Gui\HUD</Filter>
    </ClCompile>
    <ClCompile Include="src\components\PlayerComponent.cpp">
      <Filter>Sources\Components</Filter>
    </ClCompile>
    <ClCompile Include="src\utilities\GvReader.cpp">
      <Filter>Sources\Utilities</Filter>
    </ClCompile>
    <ClCompile Include="src\utilities\Config.cpp">
      <Filter>Sources\Utilities</Filter>
    </ClCompile>
    <ClCompile Include="src\gui\hud\HUDHealthBar.cpp">
      <Filter>Sources\Gui\HUD</Filter>
    </ClCompile>
    <ClCompile Include="src\gui\GuiDeathMenu.cpp">
      <Filter>Sources\Gui</Filter>
    </ClCompile>
    <ClCompile Include="src\utilities\AttributeReaders.cpp">
      <Filter>Sources\Utilities</Filter>
    </ClCompile>
    <ClCompile Include="src\systems\ShipUpdateSystem.cpp">
      <Filter>Sources\Systems</Filter>
    </ClCompile>
    <ClCompile Include="src\systems\ExplosionSystem.cpp">
      <Filter>Sources\Systems</Filter>
    </ClCompile>
    <ClCompile Include="src\gui\hud\HUDVelocityBar.cpp">
      <Filter>Sources\Gui\HUD</Filter>
    </ClCompile>
    <ClCompile Include="src\gui\GuiSettingsMenu.cpp">
      <Filter>Sources\Gui</Filter>
    </ClCompile>
    <ClCompile Include="src\utilities\ProjectileUtils.cpp">
      <Filter>Sources\Utilities</Filter>
    </ClCompile>
    <ClCompile Include="src\gui\GuiLoadoutMenu.cpp">
      <Filter>Sources\Gui</Filter>
    </ClCompile>
    <ClCompile Include="src\utilities\btUtils.cpp">
      <Filter>Sources\Utilities</Filter>
    </ClCompile>
    <ClCompile Include="src\systems\DamageSystem.cpp">
      <Filter>Sources\Systems</Filter>
    </ClCompile>
    <ClCompile Include="src\utilities\ObstacleUtils.cpp">
      <Filter>Sources\Utilities</Filter>
    </ClCompile>
    <ClCompile Include="src\utilities\ShipUtils.cpp">
      <Filter>Sources\Utilities</Filter>
    </ClCompile>
    <ClCompile Include="src\systems\SoundSystem.cpp">
      <Filter>Sources\Systems</Filter>
    </ClCompile>
    <ClCompile Include="src\core\GameAssets.cpp">
      <Filter>Sources\Core</Filter>
    </ClCompile>
    <ClCompile Include="src\gui\GuiCampaignMenu.cpp">
      <Filter>Sources\Gui</Filter>
    </ClCompile>
    <ClCompile Include="src\utilities\ScenarioUtils.cpp">
      <Filter>Sources\Utilities</Filter>
    </ClCompile>
    <ClCompile Include="src\gui\GuiCampaignLoadoutMenu.cpp">
      <Filter>Sources\Gui</Filter>
    </ClCompile>
    <ClCompile Include="src\gui\GuiLootMenu.cpp">
      <Filter>Sources\Gui</Filter>
    </ClCompile>
    <ClCompile Include="src\fx\Shaders.cpp">
      <Filter>Sources\fx</Filter>
    </ClCompile>
    <ClCompile Include="src\utilities\CarrierUtils.cpp">
      <Filter>Sources\Utilities</Filter>
    </ClCompile>
    <ClCompile Include="src\systems\CarrierUpdateSystem.cpp">
      <Filter>Sources\Systems</Filter>
    </ClCompile>
    <ClCompile Include="src\systems\ObjectiveSystem.cpp">
      <Filter>Sources\Systems</Filter>
    </ClCompile>
    <ClCompile Include="src\utilities\WeaponUtils.cpp">
      <Filter>Sources\Utilities</Filter>
    </ClCompile>
    <ClCompile Include="src\core\flecs.c">
      <Filter>Sources\Core</Filter>
    </ClCompile>
  </ItemGroup>
  <ItemGroup>
    <ClInclude Include="src\systems\AIUpdateSystem.h">
      <Filter>Headers\Systems</Filter>
    </ClInclude>
    <ClInclude Include="src\core\BaseHeader.h">
      <Filter>Headers\Core</Filter>
    </ClInclude>
    <ClInclude Include="src\systems\CollisionCheckingSystem.h">
      <Filter>Headers\Systems</Filter>
    </ClInclude>
    <ClInclude Include="src\systems\ai_systems\DefaultAIBehaviors.h">
      <Filter>Headers\Systems\AI_Systems</Filter>
    </ClInclude>
    <ClInclude Include="src\systems\ai_systems\DefaultAIUpdateSystem.h">
      <Filter>Headers\Systems\AI_Systems</Filter>
    </ClInclude>
    <ClInclude Include="src\core\GameController.h">
      <Filter>Headers\Core</Filter>
    </ClInclude>
    <ClInclude Include="src\utilities\GameAssets.h">
      <Filter>Headers\Core</Filter>
    </ClInclude>
    <ClInclude Include="src\core\GameStateController.h">
      <Filter>Headers\Core</Filter>
    </ClInclude>
    <ClInclude Include="src\utilities\GameFunctions.h">
      <Filter>Headers\Utilities</Filter>
    </ClInclude>
    <ClInclude Include="src\core\GuiController.h">
      <Filter>Headers\Core</Filter>
    </ClInclude>
    <ClInclude Include="src\gui\GuiDialog.h">
      <Filter>Headers\Gui</Filter>
    </ClInclude>
    <ClInclude Include="src\gui\GuiMainMenu.h">
      <Filter>Headers\Gui</Filter>
    </ClInclude>
    <ClInclude Include="src\gui\GuiPauseMenu.h">
      <Filter>Headers\Gui</Filter>
    </ClInclude>
    <ClInclude Include="src\systems\HealthAndShieldSystems.h">
      <Filter>Headers\Systems</Filter>
    </ClInclude>
    <ClInclude Include="src\systems\IrrlichtRigidBodyPositionSystem.h">
      <Filter>Headers\Systems</Filter>
    </ClInclude>
    <ClInclude Include="src\utilities\IrrlichtUtils.h">
      <Filter>Headers\Utilities</Filter>
    </ClInclude>
    <ClInclude Include="src\gui\MenuData.h">
      <Filter>Headers\Gui</Filter>
    </ClInclude>
    <ClInclude Include="src\core\Networking.h">
      <Filter>Headers\Core</Filter>
    </ClInclude>
    <ClInclude Include="src\systems\PlayerUpdateSystem.h">
      <Filter>Headers\Systems</Filter>
    </ClInclude>
    <ClInclude Include="src\systems\ProjectileSystem.h">
      <Filter>Headers\Systems</Filter>
    </ClInclude>
    <ClInclude Include="src\systems\ShipControlSystem.h">
      <Filter>Headers\Systems</Filter>
    </ClInclude>
    <ClInclude Include="src\utilities\ShipMovementUtils.h">
      <Filter>Headers\Utilities</Filter>
    </ClInclude>
    <ClInclude Include="src\systems\WeaponFiringSystem.h">
      <Filter>Headers\Systems</Filter>
    </ClInclude>
    <ClInclude Include="src\gui\hud\HUDElement.h">
      <Filter>Headers\Gui\HUD</Filter>
    </ClInclude>
    <ClInclude Include="src\gui\hud\HUDActiveSelection.h">
      <Filter>Headers\Gui\HUD</Filter>
    </ClInclude>
    <ClInclude Include="src\gui\hud\HUDHeader.h">
      <Filter>Headers\Gui\HUD</Filter>
    </ClInclude>
    <ClInclude Include="src\systems\SensorUpdateSystem.h">
      <Filter>Headers\Systems</Filter>
    </ClInclude>
    <ClInclude Include="src\gui\hud\HUDContact.h">
      <Filter>Headers\Gui\HUD</Filter>
    </ClInclude>
    <ClInclude Include="src\utilities\Config.h">
      <Filter>Headers\Utilities</Filter>
    </ClInclude>
    <ClInclude Include="src\utilities\GvReader.h">
      <Filter>Headers\Utilities</Filter>
    </ClInclude>
    <ClInclude Include="src\gui\hud\HUDHealthBar.h">
      <Filter>Headers\Gui\HUD</Filter>
    </ClInclude>
    <ClInclude Include="src\gui\GuiDeathMenu.h">
      <Filter>Headers\Gui</Filter>
    </ClInclude>
    <ClInclude Include="src\utilities\AttributeReaders.h">
      <Filter>Headers\Utilities</Filter>
    </ClInclude>
    <ClInclude Include="src\systems\ShipUpdateSystem.h">
      <Filter>Headers\Systems</Filter>
    </ClInclude>
    <ClInclude Include="src\systems\ExplosionSystem.h">
      <Filter>Headers\Systems</Filter>
    </ClInclude>
    <ClInclude Include="src\gui\hud\HUDVelocityBar.h">
      <Filter>Headers\Gui\HUD</Filter>
    </ClInclude>
    <ClInclude Include="src\gui\GuiSettingsMenu.h">
      <Filter>Headers\Gui</Filter>
    </ClInclude>
    <ClInclude Include="src\utilities\ProjectileUtils.h">
      <Filter>Headers\Utilities</Filter>
    </ClInclude>
    <ClInclude Include="src\utilities\LoadoutData.h">
      <Filter>Headers\Core</Filter>
    </ClInclude>
    <ClInclude Include="src\gui\GuiLoadoutMenu.h">
      <Filter>Headers\Gui</Filter>
    </ClInclude>
    <ClInclude Include="src\utilities\btUtils.h">
      <Filter>Headers\Utilities</Filter>
    </ClInclude>
    <ClInclude Include="src\systems\DamageSystem.h">
      <Filter>Headers\Systems</Filter>
    </ClInclude>
    <ClInclude Include="src\components\HarpoonComponent.h">
      <Filter>Headers\Components\Weapon Components</Filter>
    </ClInclude>
    <ClInclude Include="src\components\MissileComponent.h">
      <Filter>Headers\Components\Weapon Components</Filter>
    </ClInclude>
    <ClInclude Include="src\components\WeaponInfoComponent.h">
      <Filter>Headers\Components\Weapon Components</Filter>
    </ClInclude>
    <ClInclude Include="src\components\BulletRigidBodyComponent.h">
      <Filter>Headers\Components\Basic Components</Filter>
    </ClInclude>
    <ClInclude Include="src\components\IrrlichtComponent.h">
      <Filter>Headers\Components\Basic Components</Filter>
    </ClInclude>
    <ClInclude Include="src\components\ObstacleComponent.h">
      <Filter>Headers\Components\Basic Components</Filter>
    </ClInclude>
    <ClInclude Include="src\components\PlayerComponent.h">
      <Filter>Headers\Components\Player Components</Filter>
    </ClInclude>
    <ClInclude Include="src\components\InputComponent.h">
      <Filter>Headers\Components\Player Components</Filter>
    </ClInclude>
    <ClInclude Include="src\components\ShieldComponent.h">
      <Filter>Headers\Components\Ship Components</Filter>
    </ClInclude>
    <ClInclude Include="src\components\HealthComponent.h">
      <Filter>Headers\Components\Basic Components</Filter>
    </ClInclude>
    <ClInclude Include="src\components\DamageTrackingComponent.h">
      <Filter>Headers\Components\Basic Components</Filter>
    </ClInclude>
    <ClInclude Include="src\components\ShipComponent.h">
      <Filter>Headers\Components\Ship Components</Filter>
    </ClInclude>
    <ClInclude Include="src\components\AIComponent.h">
      <Filter>Headers\Components\Basic Components</Filter>
    </ClInclude>
    <ClInclude Include="src\components\FactionComponent.h">
      <Filter>Headers\Components\Ship Components</Filter>
    </ClInclude>
    <ClInclude Include="src\components\SensorComponent.h">
      <Filter>Headers\Components\Ship Components</Filter>
    </ClInclude>
    <ClInclude Include="src\components\ExplosionComponent.h">
      <Filter>Headers\Components\Basic Components</Filter>
    </ClInclude>
    <ClInclude Include="src\components\KineticComponent.h">
      <Filter>Headers\Components\Weapon Components</Filter>
    </ClInclude>
    <ClInclude Include="src\utilities\ObstacleUtils.h">
      <Filter>Headers\Utilities</Filter>
    </ClInclude>
    <ClInclude Include="src\utilities\ShipUtils.h">
      <Filter>Headers\Utilities</Filter>
    </ClInclude>
    <ClInclude Include="src\components\BulletGhostComponent.h">
      <Filter>Headers\Components\Basic Components</Filter>
    </ClInclude>
    <ClInclude Include="src\systems\SoundSystem.h">
      <Filter>Headers\Systems</Filter>
    </ClInclude>
    <ClInclude Include="src\core\Campaign.h">
      <Filter>Headers\Core</Filter>
    </ClInclude>
    <ClInclude Include="src\gui\GuiCampaignMenu.h">
      <Filter>Headers\Gui</Filter>
    </ClInclude>
    <ClInclude Include="src\utilities\ScenarioUtils.h">
      <Filter>Headers\Utilities</Filter>
    </ClInclude>
    <ClInclude Include="src\components\ShipParticleComponent.h">
      <Filter>Headers\Components\Ship Components</Filter>
    </ClInclude>
    <ClInclude Include="src\gui\GuiCampaignLoadoutMenu.h">
      <Filter>Headers\Gui</Filter>
    </ClInclude>
    <ClInclude Include="src\gui\GuiLootMenu.h">
      <Filter>Headers\Gui</Filter>
    </ClInclude>
    <ClInclude Include="src\components\CarrierComponent.h">
      <Filter>Headers\Components\Ship Components</Filter>
    </ClInclude>
    <ClInclude Include="src\components\TurretComponent.h">
      <Filter>Headers\Components\Ship Components</Filter>
    </ClInclude>
    <ClInclude Include="src\fx\Shaders.h">
      <Filter>Headers\fx</Filter>
    </ClInclude>
    <ClInclude Include="src\utilities\CarrierUtils.h">
      <Filter>Headers\Utilities</Filter>
    </ClInclude>
    <ClInclude Include="src\utilities\ShipInstance.h">
      <Filter>Headers\Utilities</Filter>
    </ClInclude>
    <ClInclude Include="src\systems\CarrierUpdateSystem.h">
      <Filter>Headers\Systems</Filter>
    </ClInclude>
    <ClInclude Include="src\core\Scenario.h">
      <Filter>Headers\Core</Filter>
    </ClInclude>
    <ClInclude Include="src\components\ObjectiveComponent.h">
      <Filter>Headers\Components\Basic Components</Filter>
    </ClInclude>
    <ClInclude Include="src\systems\ObjectiveSystem.h">
      <Filter>Headers\Systems</Filter>
    </ClInclude>
    <ClInclude Include="src\components\BolasComponent.h">
      <Filter>Headers\Components\Weapon Components</Filter>
    </ClInclude>
    <ClInclude Include="src\utilities\WeaponUtils.h">
      <Filter>Headers\Utilities</Filter>
    </ClInclude>
    <ClInclude Include="src\core\flecs.h">
      <Filter>Headers\Core</Filter>
    </ClInclude>
    <ClInclude Include="src\core\SystemsHeader.h">
      <Filter>Headers\Core</Filter>
    </ClInclude>
  </ItemGroup>
  <ItemGroup>
    <Filter Include="Sources">
      <UniqueIdentifier>{4a053bb7-c369-4508-94ab-14589a01ff9e}</UniqueIdentifier>
    </Filter>
    <Filter Include="Headers">
      <UniqueIdentifier>{28c25cbb-b4ce-4a9d-a28b-15cce6994ee2}</UniqueIdentifier>
    </Filter>
    <Filter Include="Headers\Components">
      <UniqueIdentifier>{b922db02-18b8-43f1-a591-4ae83ae8e8c0}</UniqueIdentifier>
    </Filter>
    <Filter Include="Sources\Systems">
      <UniqueIdentifier>{e89721e2-e635-472e-8451-5e473a110a83}</UniqueIdentifier>
    </Filter>
    <Filter Include="Headers\Systems">
      <UniqueIdentifier>{a96e59bd-8c03-4eb3-8fbf-c35f1e21daab}</UniqueIdentifier>
    </Filter>
    <Filter Include="Headers\Core">
      <UniqueIdentifier>{5c861071-c955-453c-b056-4a7df409ae94}</UniqueIdentifier>
    </Filter>
    <Filter Include="Sources\Core">
      <UniqueIdentifier>{03ce8f02-1238-4568-aa33-76d1d29a6aa2}</UniqueIdentifier>
    </Filter>
    <Filter Include="Sources\Systems\AI_Systems">
      <UniqueIdentifier>{293981fc-faf7-4b89-9e26-f29f51a7d906}</UniqueIdentifier>
    </Filter>
    <Filter Include="Headers\Systems\AI_Systems">
      <UniqueIdentifier>{7bc3cd78-7fa9-4ba1-8941-8e79be93566f}</UniqueIdentifier>
    </Filter>
    <Filter Include="Headers\Utilities">
      <UniqueIdentifier>{7deef0a0-b48d-4be8-8c04-a1eea64fed90}</UniqueIdentifier>
    </Filter>
    <Filter Include="Sources\Utilities">
      <UniqueIdentifier>{7edb8844-beca-4f01-aebe-43729340d4d3}</UniqueIdentifier>
    </Filter>
    <Filter Include="Headers\Gui">
      <UniqueIdentifier>{a721ea7a-4042-462d-91c2-0ffc8039dd4f}</UniqueIdentifier>
    </Filter>
    <Filter Include="Sources\Gui">
      <UniqueIdentifier>{a309bdf4-382c-464c-ab31-f0dd8a6a5db4}</UniqueIdentifier>
    </Filter>
    <Filter Include="Headers\Gui\HUD">
      <UniqueIdentifier>{877ec417-aa99-46b9-9242-dc176660e140}</UniqueIdentifier>
    </Filter>
    <Filter Include="Sources\Gui\HUD">
      <UniqueIdentifier>{aa77fe6a-7ebd-428a-ac25-cdce8ed88379}</UniqueIdentifier>
    </Filter>
    <Filter Include="Sources\Components">
      <UniqueIdentifier>{13738754-442e-423d-96c3-6fc200ce8b86}</UniqueIdentifier>
    </Filter>
    <Filter Include="Headers\Components\Weapon Components">
      <UniqueIdentifier>{fe4cbde4-5ea3-4e5c-a940-3ca3610efd4f}</UniqueIdentifier>
    </Filter>
    <Filter Include="Headers\Components\Basic Components">
      <UniqueIdentifier>{c096e14b-0749-4336-a970-e3eb0dd66c3c}</UniqueIdentifier>
    </Filter>
    <Filter Include="Headers\Components\Player Components">
      <UniqueIdentifier>{5c4a17a4-0fea-4c3a-9834-d547c16129bb}</UniqueIdentifier>
    </Filter>
    <Filter Include="Headers\Components\Ship Components">
      <UniqueIdentifier>{51853e36-36ad-4933-91a1-dba052db2787}</UniqueIdentifier>
    </Filter>
    <Filter Include="Resources">
      <UniqueIdentifier>{46e2d65b-30b4-481a-a073-b7d335666c92}</UniqueIdentifier>
    </Filter>
    <Filter Include="Headers\fx">
      <UniqueIdentifier>{1e67876d-ecd2-40ad-be7c-747797faa766}</UniqueIdentifier>
    </Filter>
    <Filter Include="Sources\fx">
      <UniqueIdentifier>{ae21f61c-bd53-441a-861f-8221bffae4ff}</UniqueIdentifier>
    </Filter>
  </ItemGroup>
</Project>