
Microsoft Visual Studio Solution File, Format Version 12.00
# Visual Studio Version 17
VisualStudioVersion = 17.1.32104.313
MinimumVisualStudioVersion = 10.0.40219.1
Project("{8BC9CEB8-8B4A-11D0-8D11-00A0C91BC942}") = "FlightSim", "FlightSim.vcxproj", "{3B30D19D-C7A3-4AB6-B12B-87225CF028E1}"
	ProjectSection(ProjectDependencies) = postProject
		{5AB23E36-B1EA-3005-9A8D-6D5DE1EBC6B7} = {5AB23E36-B1EA-3005-9A8D-6D5DE1EBC6B7}
	EndProjectSection
EndProject
Project("{8BC9CEB8-8B4A-11D0-8D11-00A0C91BC942}") = "ALL_BUILD", "lib\bullet\ALL_BUILD.vcxproj", "{5AB23E36-B1EA-3005-9A8D-6D5DE1EBC6B7}"
EndProject
Project("{8BC9CEB8-8B4A-11D0-8D11-00A0C91BC942}") = "LinearMath", "lib\bullet\src\LinearMath\LinearMath.vcxproj", "{C132E547-F678-3522-9445-D695A77BB14A}"
EndProject
Project("{8BC9CEB8-8B4A-11D0-8D11-00A0C91BC942}") = "Bullet3Common", "lib\bullet\src\Bullet3Common\Bullet3Common.vcxproj", "{B08B6BEB-6122-3CBE-A6CB-4E4D73AC61E6}"
EndProject
Project("{8BC9CEB8-8B4A-11D0-8D11-00A0C91BC942}") = "Bullet3Collision", "lib\bullet\src\Bullet3Collision\Bullet3Collision.vcxproj", "{05D20A83-1EC0-34F4-A6CD-E9BE0FE938BE}"
EndProject
Project("{8BC9CEB8-8B4A-11D0-8D11-00A0C91BC942}") = "Bullet3Dynamics", "lib\bullet\src\Bullet3Dynamics\Bullet3Dynamics.vcxproj", "{9EE2391D-C2C7-3E04-88D9-B89222D94AD4}"
EndProject
Project("{8BC9CEB8-8B4A-11D0-8D11-00A0C91BC942}") = "Bullet3Geometry", "lib\bullet\src\Bullet3Geometry\Bullet3Geometry.vcxproj", "{13113C69-AB0B-3D77-BF4E-FC1E1DF65446}"
EndProject
Project("{8BC9CEB8-8B4A-11D0-8D11-00A0C91BC942}") = "BulletSoftBody", "lib\bullet\src\BulletSoftBody\BulletSoftBody.vcxproj", "{C425B0BE-284F-3887-A457-0C8FB76E313F}"
EndProject
Project("{8BC9CEB8-8B4A-11D0-8D11-00A0C91BC942}") = "Bullet3OpenCL_clew", "lib\bullet\src\Bullet3OpenCL\Bullet3OpenCL_clew.vcxproj", "{B1FFD551-07DB-300D-A04B-F445E0EBD162}"
EndProject
Project("{8BC9CEB8-8B4A-11D0-8D11-00A0C91BC942}") = "BulletDynamics", "lib\bullet\src\BulletDynamics\BulletDynamics.vcxproj", "{50DF2077-1F4E-33A6-AE33-085826E2C680}"
EndProject
Project("{8BC9CEB8-8B4A-11D0-8D11-00A0C91BC942}") = "BulletCollision", "lib\bullet\src\BulletCollision\BulletCollision.vcxproj", "{D48E1852-DB54-3995-B15B-0A2CA7B637A2}"
EndProject
Project("{8BC9CEB8-8B4A-11D0-8D11-00A0C91BC942}") = "BulletInverseDynamics", "lib\bullet\src\BulletInverseDynamics\BulletInverseDynamics.vcxproj", "{665884B8-A497-3DD1-809F-1E0BDFA5113E}"
EndProject
Project("{2150E333-8FDC-42A3-9474-1A3956D46DE8}") = "bullet", "bullet", "{061214BC-510F-4821-94BE-E6E2D691C5DD}"
EndProject
Global
	GlobalSection(SolutionConfigurationPlatforms) = preSolution
		Debug|x64 = Debug|x64
		Debug|x86 = Debug|x86
		MinSizeRel|x64 = MinSizeRel|x64
		MinSizeRel|x86 = MinSizeRel|x86
		Release - Fast FPU|x64 = Release - Fast FPU|x64
		Release - Fast FPU|x86 = Release - Fast FPU|x86
		Release|x64 = Release|x64
		Release|x86 = Release|x86
		RelWithDebInfo|x64 = RelWithDebInfo|x64
		RelWithDebInfo|x86 = RelWithDebInfo|x86
		SDL-Debug|x64 = SDL-Debug|x64
		SDL-Debug|x86 = SDL-Debug|x86
		Static lib - Debug|x64 = Static lib - Debug|x64
		Static lib - Debug|x86 = Static lib - Debug|x86
		Static lib - Release - Fast FPU|x64 = Static lib - Release - Fast FPU|x64
		Static lib - Release - Fast FPU|x86 = Static lib - Release - Fast FPU|x86
		Static lib - Release|x64 = Static lib - Release|x64
		Static lib - Release|x86 = Static lib - Release|x86
	EndGlobalSection
	GlobalSection(ProjectConfigurationPlatforms) = postSolution
		{3B30D19D-C7A3-4AB6-B12B-87225CF028E1}.Debug|x64.ActiveCfg = Debug|x64
		{3B30D19D-C7A3-4AB6-B12B-87225CF028E1}.Debug|x64.Build.0 = Debug|x64
		{3B30D19D-C7A3-4AB6-B12B-87225CF028E1}.Debug|x86.ActiveCfg = Debug|Win32
		{3B30D19D-C7A3-4AB6-B12B-87225CF028E1}.Debug|x86.Build.0 = Debug|Win32
		{3B30D19D-C7A3-4AB6-B12B-87225CF028E1}.MinSizeRel|x64.ActiveCfg = Release|x64
		{3B30D19D-C7A3-4AB6-B12B-87225CF028E1}.MinSizeRel|x64.Build.0 = Release|x64
		{3B30D19D-C7A3-4AB6-B12B-87225CF028E1}.MinSizeRel|x86.ActiveCfg = Release|Win32
		{3B30D19D-C7A3-4AB6-B12B-87225CF028E1}.MinSizeRel|x86.Build.0 = Release|Win32
		{3B30D19D-C7A3-4AB6-B12B-87225CF028E1}.Release - Fast FPU|x64.ActiveCfg = Release|x64
		{3B30D19D-C7A3-4AB6-B12B-87225CF028E1}.Release - Fast FPU|x64.Build.0 = Release|x64
		{3B30D19D-C7A3-4AB6-B12B-87225CF028E1}.Release - Fast FPU|x86.ActiveCfg = Release|Win32
		{3B30D19D-C7A3-4AB6-B12B-87225CF028E1}.Release - Fast FPU|x86.Build.0 = Release|Win32
		{3B30D19D-C7A3-4AB6-B12B-87225CF028E1}.Release|x64.ActiveCfg = Release|x64
		{3B30D19D-C7A3-4AB6-B12B-87225CF028E1}.Release|x64.Build.0 = Release|x64
		{3B30D19D-C7A3-4AB6-B12B-87225CF028E1}.Release|x86.ActiveCfg = Release|Win32
		{3B30D19D-C7A3-4AB6-B12B-87225CF028E1}.Release|x86.Build.0 = Release|Win32
		{3B30D19D-C7A3-4AB6-B12B-87225CF028E1}.RelWithDebInfo|x64.ActiveCfg = Release|x64
		{3B30D19D-C7A3-4AB6-B12B-87225CF028E1}.RelWithDebInfo|x64.Build.0 = Release|x64
		{3B30D19D-C7A3-4AB6-B12B-87225CF028E1}.RelWithDebInfo|x86.ActiveCfg = Release|Win32
		{3B30D19D-C7A3-4AB6-B12B-87225CF028E1}.RelWithDebInfo|x86.Build.0 = Release|Win32
		{3B30D19D-C7A3-4AB6-B12B-87225CF028E1}.SDL-Debug|x64.ActiveCfg = Debug|x64
		{3B30D19D-C7A3-4AB6-B12B-87225CF028E1}.SDL-Debug|x64.Build.0 = Debug|x64
		{3B30D19D-C7A3-4AB6-B12B-87225CF028E1}.SDL-Debug|x86.ActiveCfg = Debug|Win32
		{3B30D19D-C7A3-4AB6-B12B-87225CF028E1}.SDL-Debug|x86.Build.0 = Debug|Win32
		{3B30D19D-C7A3-4AB6-B12B-87225CF028E1}.Static lib - Debug|x64.ActiveCfg = Debug|x64
		{3B30D19D-C7A3-4AB6-B12B-87225CF028E1}.Static lib - Debug|x64.Build.0 = Debug|x64
		{3B30D19D-C7A3-4AB6-B12B-87225CF028E1}.Static lib - Debug|x86.ActiveCfg = Debug|Win32
		{3B30D19D-C7A3-4AB6-B12B-87225CF028E1}.Static lib - Debug|x86.Build.0 = Debug|Win32
		{3B30D19D-C7A3-4AB6-B12B-87225CF028E1}.Static lib - Release - Fast FPU|x64.ActiveCfg = Release|x64
		{3B30D19D-C7A3-4AB6-B12B-87225CF028E1}.Static lib - Release - Fast FPU|x64.Build.0 = Release|x64
		{3B30D19D-C7A3-4AB6-B12B-87225CF028E1}.Static lib - Release - Fast FPU|x86.ActiveCfg = Release|Win32
		{3B30D19D-C7A3-4AB6-B12B-87225CF028E1}.Static lib - Release - Fast FPU|x86.Build.0 = Release|Win32
		{3B30D19D-C7A3-4AB6-B12B-87225CF028E1}.Static lib - Release|x64.ActiveCfg = Release|x64
		{3B30D19D-C7A3-4AB6-B12B-87225CF028E1}.Static lib - Release|x64.Build.0 = Release|x64
		{3B30D19D-C7A3-4AB6-B12B-87225CF028E1}.Static lib - Release|x86.ActiveCfg = Release|Win32
		{3B30D19D-C7A3-4AB6-B12B-87225CF028E1}.Static lib - Release|x86.Build.0 = Release|Win32
		{5AB23E36-B1EA-3005-9A8D-6D5DE1EBC6B7}.Debug|x64.ActiveCfg = Debug|x64
		{5AB23E36-B1EA-3005-9A8D-6D5DE1EBC6B7}.Debug|x64.Build.0 = Debug|x64
		{5AB23E36-B1EA-3005-9A8D-6D5DE1EBC6B7}.Debug|x86.ActiveCfg = Debug|x64
		{5AB23E36-B1EA-3005-9A8D-6D5DE1EBC6B7}.Debug|x86.Build.0 = Debug|x64
		{5AB23E36-B1EA-3005-9A8D-6D5DE1EBC6B7}.MinSizeRel|x64.ActiveCfg = MinSizeRel|x64
		{5AB23E36-B1EA-3005-9A8D-6D5DE1EBC6B7}.MinSizeRel|x64.Build.0 = MinSizeRel|x64
		{5AB23E36-B1EA-3005-9A8D-6D5DE1EBC6B7}.MinSizeRel|x86.ActiveCfg = MinSizeRel|x64
		{5AB23E36-B1EA-3005-9A8D-6D5DE1EBC6B7}.MinSizeRel|x86.Build.0 = MinSizeRel|x64
		{5AB23E36-B1EA-3005-9A8D-6D5DE1EBC6B7}.Release - Fast FPU|x64.ActiveCfg = Release|x64
		{5AB23E36-B1EA-3005-9A8D-6D5DE1EBC6B7}.Release - Fast FPU|x64.Build.0 = Release|x64
		{5AB23E36-B1EA-3005-9A8D-6D5DE1EBC6B7}.Release - Fast FPU|x86.ActiveCfg = RelWithDebInfo|x64
		{5AB23E36-B1EA-3005-9A8D-6D5DE1EBC6B7}.Release - Fast FPU|x86.Build.0 = RelWithDebInfo|x64
		{5AB23E36-B1EA-3005-9A8D-6D5DE1EBC6B7}.Release|x64.ActiveCfg = Release|x64
		{5AB23E36-B1EA-3005-9A8D-6D5DE1EBC6B7}.Release|x64.Build.0 = Release|x64
		{5AB23E36-B1EA-3005-9A8D-6D5DE1EBC6B7}.Release|x86.ActiveCfg = Release|x64
		{5AB23E36-B1EA-3005-9A8D-6D5DE1EBC6B7}.Release|x86.Build.0 = Release|x64
		{5AB23E36-B1EA-3005-9A8D-6D5DE1EBC6B7}.RelWithDebInfo|x64.ActiveCfg = RelWithDebInfo|x64
		{5AB23E36-B1EA-3005-9A8D-6D5DE1EBC6B7}.RelWithDebInfo|x64.Build.0 = RelWithDebInfo|x64
		{5AB23E36-B1EA-3005-9A8D-6D5DE1EBC6B7}.RelWithDebInfo|x86.ActiveCfg = RelWithDebInfo|x64
		{5AB23E36-B1EA-3005-9A8D-6D5DE1EBC6B7}.RelWithDebInfo|x86.Build.0 = RelWithDebInfo|x64
		{5AB23E36-B1EA-3005-9A8D-6D5DE1EBC6B7}.SDL-Debug|x64.ActiveCfg = Debug|x64
		{5AB23E36-B1EA-3005-9A8D-6D5DE1EBC6B7}.SDL-Debug|x64.Build.0 = Debug|x64
		{5AB23E36-B1EA-3005-9A8D-6D5DE1EBC6B7}.SDL-Debug|x86.ActiveCfg = RelWithDebInfo|x64
		{5AB23E36-B1EA-3005-9A8D-6D5DE1EBC6B7}.SDL-Debug|x86.Build.0 = RelWithDebInfo|x64
		{5AB23E36-B1EA-3005-9A8D-6D5DE1EBC6B7}.Static lib - Debug|x64.ActiveCfg = Debug|x64
		{5AB23E36-B1EA-3005-9A8D-6D5DE1EBC6B7}.Static lib - Debug|x64.Build.0 = Debug|x64
		{5AB23E36-B1EA-3005-9A8D-6D5DE1EBC6B7}.Static lib - Debug|x86.ActiveCfg = RelWithDebInfo|x64
		{5AB23E36-B1EA-3005-9A8D-6D5DE1EBC6B7}.Static lib - Debug|x86.Build.0 = RelWithDebInfo|x64
		{5AB23E36-B1EA-3005-9A8D-6D5DE1EBC6B7}.Static lib - Release - Fast FPU|x64.ActiveCfg = Release|x64
		{5AB23E36-B1EA-3005-9A8D-6D5DE1EBC6B7}.Static lib - Release - Fast FPU|x64.Build.0 = Release|x64
		{5AB23E36-B1EA-3005-9A8D-6D5DE1EBC6B7}.Static lib - Release - Fast FPU|x86.ActiveCfg = RelWithDebInfo|x64
		{5AB23E36-B1EA-3005-9A8D-6D5DE1EBC6B7}.Static lib - Release - Fast FPU|x86.Build.0 = RelWithDebInfo|x64
		{5AB23E36-B1EA-3005-9A8D-6D5DE1EBC6B7}.Static lib - Release|x64.ActiveCfg = Release|x64
		{5AB23E36-B1EA-3005-9A8D-6D5DE1EBC6B7}.Static lib - Release|x64.Build.0 = Release|x64
		{5AB23E36-B1EA-3005-9A8D-6D5DE1EBC6B7}.Static lib - Release|x86.ActiveCfg = RelWithDebInfo|x64
		{5AB23E36-B1EA-3005-9A8D-6D5DE1EBC6B7}.Static lib - Release|x86.Build.0 = RelWithDebInfo|x64
		{C132E547-F678-3522-9445-D695A77BB14A}.Debug|x64.ActiveCfg = Debug|x64
		{C132E547-F678-3522-9445-D695A77BB14A}.Debug|x64.Build.0 = Debug|x64
		{C132E547-F678-3522-9445-D695A77BB14A}.Debug|x86.ActiveCfg = Debug|x64
		{C132E547-F678-3522-9445-D695A77BB14A}.Debug|x86.Build.0 = Debug|x64
		{C132E547-F678-3522-9445-D695A77BB14A}.MinSizeRel|x64.ActiveCfg = MinSizeRel|x64
		{C132E547-F678-3522-9445-D695A77BB14A}.MinSizeRel|x64.Build.0 = MinSizeRel|x64
		{C132E547-F678-3522-9445-D695A77BB14A}.MinSizeRel|x86.ActiveCfg = MinSizeRel|x64
		{C132E547-F678-3522-9445-D695A77BB14A}.MinSizeRel|x86.Build.0 = MinSizeRel|x64
		{C132E547-F678-3522-9445-D695A77BB14A}.Release - Fast FPU|x64.ActiveCfg = Release|x64
		{C132E547-F678-3522-9445-D695A77BB14A}.Release - Fast FPU|x64.Build.0 = Release|x64
		{C132E547-F678-3522-9445-D695A77BB14A}.Release - Fast FPU|x86.ActiveCfg = RelWithDebInfo|x64
		{C132E547-F678-3522-9445-D695A77BB14A}.Release - Fast FPU|x86.Build.0 = RelWithDebInfo|x64
		{C132E547-F678-3522-9445-D695A77BB14A}.Release|x64.ActiveCfg = Release|x64
		{C132E547-F678-3522-9445-D695A77BB14A}.Release|x64.Build.0 = Release|x64
		{C132E547-F678-3522-9445-D695A77BB14A}.Release|x86.ActiveCfg = Release|x64
		{C132E547-F678-3522-9445-D695A77BB14A}.Release|x86.Build.0 = Release|x64
		{C132E547-F678-3522-9445-D695A77BB14A}.RelWithDebInfo|x64.ActiveCfg = RelWithDebInfo|x64
		{C132E547-F678-3522-9445-D695A77BB14A}.RelWithDebInfo|x64.Build.0 = RelWithDebInfo|x64
		{C132E547-F678-3522-9445-D695A77BB14A}.RelWithDebInfo|x86.ActiveCfg = RelWithDebInfo|x64
		{C132E547-F678-3522-9445-D695A77BB14A}.RelWithDebInfo|x86.Build.0 = RelWithDebInfo|x64
		{C132E547-F678-3522-9445-D695A77BB14A}.SDL-Debug|x64.ActiveCfg = Debug|x64
		{C132E547-F678-3522-9445-D695A77BB14A}.SDL-Debug|x64.Build.0 = Debug|x64
		{C132E547-F678-3522-9445-D695A77BB14A}.SDL-Debug|x86.ActiveCfg = RelWithDebInfo|x64
		{C132E547-F678-3522-9445-D695A77BB14A}.SDL-Debug|x86.Build.0 = RelWithDebInfo|x64
		{C132E547-F678-3522-9445-D695A77BB14A}.Static lib - Debug|x64.ActiveCfg = Debug|x64
		{C132E547-F678-3522-9445-D695A77BB14A}.Static lib - Debug|x64.Build.0 = Debug|x64
		{C132E547-F678-3522-9445-D695A77BB14A}.Static lib - Debug|x86.ActiveCfg = RelWithDebInfo|x64
		{C132E547-F678-3522-9445-D695A77BB14A}.Static lib - Debug|x86.Build.0 = RelWithDebInfo|x64
		{C132E547-F678-3522-9445-D695A77BB14A}.Static lib - Release - Fast FPU|x64.ActiveCfg = Release|x64
		{C132E547-F678-3522-9445-D695A77BB14A}.Static lib - Release - Fast FPU|x64.Build.0 = Release|x64
		{C132E547-F678-3522-9445-D695A77BB14A}.Static lib - Release - Fast FPU|x86.ActiveCfg = RelWithDebInfo|x64
		{C132E547-F678-3522-9445-D695A77BB14A}.Static lib - Release - Fast FPU|x86.Build.0 = RelWithDebInfo|x64
		{C132E547-F678-3522-9445-D695A77BB14A}.Static lib - Release|x64.ActiveCfg = Release|x64
		{C132E547-F678-3522-9445-D695A77BB14A}.Static lib - Release|x64.Build.0 = Release|x64
		{C132E547-F678-3522-9445-D695A77BB14A}.Static lib - Release|x86.ActiveCfg = RelWithDebInfo|x64
		{C132E547-F678-3522-9445-D695A77BB14A}.Static lib - Release|x86.Build.0 = RelWithDebInfo|x64
		{B08B6BEB-6122-3CBE-A6CB-4E4D73AC61E6}.Debug|x64.ActiveCfg = Debug|x64
		{B08B6BEB-6122-3CBE-A6CB-4E4D73AC61E6}.Debug|x64.Build.0 = Debug|x64
		{B08B6BEB-6122-3CBE-A6CB-4E4D73AC61E6}.Debug|x86.ActiveCfg = Debug|x64
		{B08B6BEB-6122-3CBE-A6CB-4E4D73AC61E6}.Debug|x86.Build.0 = Debug|x64
		{B08B6BEB-6122-3CBE-A6CB-4E4D73AC61E6}.MinSizeRel|x64.ActiveCfg = MinSizeRel|x64
		{B08B6BEB-6122-3CBE-A6CB-4E4D73AC61E6}.MinSizeRel|x64.Build.0 = MinSizeRel|x64
		{B08B6BEB-6122-3CBE-A6CB-4E4D73AC61E6}.MinSizeRel|x86.ActiveCfg = MinSizeRel|x64
		{B08B6BEB-6122-3CBE-A6CB-4E4D73AC61E6}.MinSizeRel|x86.Build.0 = MinSizeRel|x64
		{B08B6BEB-6122-3CBE-A6CB-4E4D73AC61E6}.Release - Fast FPU|x64.ActiveCfg = Release|x64
		{B08B6BEB-6122-3CBE-A6CB-4E4D73AC61E6}.Release - Fast FPU|x64.Build.0 = Release|x64
		{B08B6BEB-6122-3CBE-A6CB-4E4D73AC61E6}.Release - Fast FPU|x86.ActiveCfg = RelWithDebInfo|x64
		{B08B6BEB-6122-3CBE-A6CB-4E4D73AC61E6}.Release - Fast FPU|x86.Build.0 = RelWithDebInfo|x64
		{B08B6BEB-6122-3CBE-A6CB-4E4D73AC61E6}.Release|x64.ActiveCfg = Release|x64
		{B08B6BEB-6122-3CBE-A6CB-4E4D73AC61E6}.Release|x64.Build.0 = Release|x64
		{B08B6BEB-6122-3CBE-A6CB-4E4D73AC61E6}.Release|x86.ActiveCfg = Release|x64
		{B08B6BEB-6122-3CBE-A6CB-4E4D73AC61E6}.Release|x86.Build.0 = Release|x64
		{B08B6BEB-6122-3CBE-A6CB-4E4D73AC61E6}.RelWithDebInfo|x64.ActiveCfg = RelWithDebInfo|x64
		{B08B6BEB-6122-3CBE-A6CB-4E4D73AC61E6}.RelWithDebInfo|x64.Build.0 = RelWithDebInfo|x64
		{B08B6BEB-6122-3CBE-A6CB-4E4D73AC61E6}.RelWithDebInfo|x86.ActiveCfg = RelWithDebInfo|x64
		{B08B6BEB-6122-3CBE-A6CB-4E4D73AC61E6}.RelWithDebInfo|x86.Build.0 = RelWithDebInfo|x64
		{B08B6BEB-6122-3CBE-A6CB-4E4D73AC61E6}.SDL-Debug|x64.ActiveCfg = Debug|x64
		{B08B6BEB-6122-3CBE-A6CB-4E4D73AC61E6}.SDL-Debug|x64.Build.0 = Debug|x64
		{B08B6BEB-6122-3CBE-A6CB-4E4D73AC61E6}.SDL-Debug|x86.ActiveCfg = RelWithDebInfo|x64
		{B08B6BEB-6122-3CBE-A6CB-4E4D73AC61E6}.SDL-Debug|x86.Build.0 = RelWithDebInfo|x64
		{B08B6BEB-6122-3CBE-A6CB-4E4D73AC61E6}.Static lib - Debug|x64.ActiveCfg = Debug|x64
		{B08B6BEB-6122-3CBE-A6CB-4E4D73AC61E6}.Static lib - Debug|x64.Build.0 = Debug|x64
		{B08B6BEB-6122-3CBE-A6CB-4E4D73AC61E6}.Static lib - Debug|x86.ActiveCfg = RelWithDebInfo|x64
		{B08B6BEB-6122-3CBE-A6CB-4E4D73AC61E6}.Static lib - Debug|x86.Build.0 = RelWithDebInfo|x64
		{B08B6BEB-6122-3CBE-A6CB-4E4D73AC61E6}.Static lib - Release - Fast FPU|x64.ActiveCfg = Release|x64
		{B08B6BEB-6122-3CBE-A6CB-4E4D73AC61E6}.Static lib - Release - Fast FPU|x64.Build.0 = Release|x64
		{B08B6BEB-6122-3CBE-A6CB-4E4D73AC61E6}.Static lib - Release - Fast FPU|x86.ActiveCfg = RelWithDebInfo|x64
		{B08B6BEB-6122-3CBE-A6CB-4E4D73AC61E6}.Static lib - Release - Fast FPU|x86.Build.0 = RelWithDebInfo|x64
		{B08B6BEB-6122-3CBE-A6CB-4E4D73AC61E6}.Static lib - Release|x64.ActiveCfg = Release|x64
		{B08B6BEB-6122-3CBE-A6CB-4E4D73AC61E6}.Static lib - Release|x64.Build.0 = Release|x64
		{B08B6BEB-6122-3CBE-A6CB-4E4D73AC61E6}.Static lib - Release|x86.ActiveCfg = RelWithDebInfo|x64
		{B08B6BEB-6122-3CBE-A6CB-4E4D73AC61E6}.Static lib - Release|x86.Build.0 = RelWithDebInfo|x64
		{05D20A83-1EC0-34F4-A6CD-E9BE0FE938BE}.Debug|x64.ActiveCfg = Debug|x64
		{05D20A83-1EC0-34F4-A6CD-E9BE0FE938BE}.Debug|x64.Build.0 = Debug|x64
		{05D20A83-1EC0-34F4-A6CD-E9BE0FE938BE}.Debug|x86.ActiveCfg = Debug|x64
		{05D20A83-1EC0-34F4-A6CD-E9BE0FE938BE}.Debug|x86.Build.0 = Debug|x64
		{05D20A83-1EC0-34F4-A6CD-E9BE0FE938BE}.MinSizeRel|x64.ActiveCfg = MinSizeRel|x64
		{05D20A83-1EC0-34F4-A6CD-E9BE0FE938BE}.MinSizeRel|x64.Build.0 = MinSizeRel|x64
		{05D20A83-1EC0-34F4-A6CD-E9BE0FE938BE}.MinSizeRel|x86.ActiveCfg = MinSizeRel|x64
		{05D20A83-1EC0-34F4-A6CD-E9BE0FE938BE}.MinSizeRel|x86.Build.0 = MinSizeRel|x64
		{05D20A83-1EC0-34F4-A6CD-E9BE0FE938BE}.Release - Fast FPU|x64.ActiveCfg = Release|x64
		{05D20A83-1EC0-34F4-A6CD-E9BE0FE938BE}.Release - Fast FPU|x64.Build.0 = Release|x64
		{05D20A83-1EC0-34F4-A6CD-E9BE0FE938BE}.Release - Fast FPU|x86.ActiveCfg = RelWithDebInfo|x64
		{05D20A83-1EC0-34F4-A6CD-E9BE0FE938BE}.Release - Fast FPU|x86.Build.0 = RelWithDebInfo|x64
		{05D20A83-1EC0-34F4-A6CD-E9BE0FE938BE}.Release|x64.ActiveCfg = Release|x64
		{05D20A83-1EC0-34F4-A6CD-E9BE0FE938BE}.Release|x64.Build.0 = Release|x64
		{05D20A83-1EC0-34F4-A6CD-E9BE0FE938BE}.Release|x86.ActiveCfg = Release|x64
		{05D20A83-1EC0-34F4-A6CD-E9BE0FE938BE}.Release|x86.Build.0 = Release|x64
		{05D20A83-1EC0-34F4-A6CD-E9BE0FE938BE}.RelWithDebInfo|x64.ActiveCfg = RelWithDebInfo|x64
		{05D20A83-1EC0-34F4-A6CD-E9BE0FE938BE}.RelWithDebInfo|x64.Build.0 = RelWithDebInfo|x64
		{05D20A83-1EC0-34F4-A6CD-E9BE0FE938BE}.RelWithDebInfo|x86.ActiveCfg = RelWithDebInfo|x64
		{05D20A83-1EC0-34F4-A6CD-E9BE0FE938BE}.RelWithDebInfo|x86.Build.0 = RelWithDebInfo|x64
		{05D20A83-1EC0-34F4-A6CD-E9BE0FE938BE}.SDL-Debug|x64.ActiveCfg = Debug|x64
		{05D20A83-1EC0-34F4-A6CD-E9BE0FE938BE}.SDL-Debug|x64.Build.0 = Debug|x64
		{05D20A83-1EC0-34F4-A6CD-E9BE0FE938BE}.SDL-Debug|x86.ActiveCfg = RelWithDebInfo|x64
		{05D20A83-1EC0-34F4-A6CD-E9BE0FE938BE}.SDL-Debug|x86.Build.0 = RelWithDebInfo|x64
		{05D20A83-1EC0-34F4-A6CD-E9BE0FE938BE}.Static lib - Debug|x64.ActiveCfg = Debug|x64
		{05D20A83-1EC0-34F4-A6CD-E9BE0FE938BE}.Static lib - Debug|x64.Build.0 = Debug|x64
		{05D20A83-1EC0-34F4-A6CD-E9BE0FE938BE}.Static lib - Debug|x86.ActiveCfg = RelWithDebInfo|x64
		{05D20A83-1EC0-34F4-A6CD-E9BE0FE938BE}.Static lib - Debug|x86.Build.0 = RelWithDebInfo|x64
		{05D20A83-1EC0-34F4-A6CD-E9BE0FE938BE}.Static lib - Release - Fast FPU|x64.ActiveCfg = Release|x64
		{05D20A83-1EC0-34F4-A6CD-E9BE0FE938BE}.Static lib - Release - Fast FPU|x64.Build.0 = Release|x64
		{05D20A83-1EC0-34F4-A6CD-E9BE0FE938BE}.Static lib - Release - Fast FPU|x86.ActiveCfg = RelWithDebInfo|x64
		{05D20A83-1EC0-34F4-A6CD-E9BE0FE938BE}.Static lib - Release - Fast FPU|x86.Build.0 = RelWithDebInfo|x64
		{05D20A83-1EC0-34F4-A6CD-E9BE0FE938BE}.Static lib - Release|x64.ActiveCfg = Release|x64
		{05D20A83-1EC0-34F4-A6CD-E9BE0FE938BE}.Static lib - Release|x64.Build.0 = Release|x64
		{05D20A83-1EC0-34F4-A6CD-E9BE0FE938BE}.Static lib - Release|x86.ActiveCfg = RelWithDebInfo|x64
		{05D20A83-1EC0-34F4-A6CD-E9BE0FE938BE}.Static lib - Release|x86.Build.0 = RelWithDebInfo|x64
		{9EE2391D-C2C7-3E04-88D9-B89222D94AD4}.Debug|x64.ActiveCfg = Debug|x64
		{9EE2391D-C2C7-3E04-88D9-B89222D94AD4}.Debug|x64.Build.0 = Debug|x64
		{9EE2391D-C2C7-3E04-88D9-B89222D94AD4}.Debug|x86.ActiveCfg = Debug|x64
		{9EE2391D-C2C7-3E04-88D9-B89222D94AD4}.Debug|x86.Build.0 = Debug|x64
		{9EE2391D-C2C7-3E04-88D9-B89222D94AD4}.MinSizeRel|x64.ActiveCfg = MinSizeRel|x64
		{9EE2391D-C2C7-3E04-88D9-B89222D94AD4}.MinSizeRel|x64.Build.0 = MinSizeRel|x64
		{9EE2391D-C2C7-3E04-88D9-B89222D94AD4}.MinSizeRel|x86.ActiveCfg = MinSizeRel|x64
		{9EE2391D-C2C7-3E04-88D9-B89222D94AD4}.MinSizeRel|x86.Build.0 = MinSizeRel|x64
		{9EE2391D-C2C7-3E04-88D9-B89222D94AD4}.Release - Fast FPU|x64.ActiveCfg = Release|x64
		{9EE2391D-C2C7-3E04-88D9-B89222D94AD4}.Release - Fast FPU|x64.Build.0 = Release|x64
		{9EE2391D-C2C7-3E04-88D9-B89222D94AD4}.Release - Fast FPU|x86.ActiveCfg = RelWithDebInfo|x64
		{9EE2391D-C2C7-3E04-88D9-B89222D94AD4}.Release - Fast FPU|x86.Build.0 = RelWithDebInfo|x64
		{9EE2391D-C2C7-3E04-88D9-B89222D94AD4}.Release|x64.ActiveCfg = Release|x64
		{9EE2391D-C2C7-3E04-88D9-B89222D94AD4}.Release|x64.Build.0 = Release|x64
		{9EE2391D-C2C7-3E04-88D9-B89222D94AD4}.Release|x86.ActiveCfg = Release|x64
		{9EE2391D-C2C7-3E04-88D9-B89222D94AD4}.Release|x86.Build.0 = Release|x64
		{9EE2391D-C2C7-3E04-88D9-B89222D94AD4}.RelWithDebInfo|x64.ActiveCfg = RelWithDebInfo|x64
		{9EE2391D-C2C7-3E04-88D9-B89222D94AD4}.RelWithDebInfo|x64.Build.0 = RelWithDebInfo|x64
		{9EE2391D-C2C7-3E04-88D9-B89222D94AD4}.RelWithDebInfo|x86.ActiveCfg = RelWithDebInfo|x64
		{9EE2391D-C2C7-3E04-88D9-B89222D94AD4}.RelWithDebInfo|x86.Build.0 = RelWithDebInfo|x64
		{9EE2391D-C2C7-3E04-88D9-B89222D94AD4}.SDL-Debug|x64.ActiveCfg = Debug|x64
		{9EE2391D-C2C7-3E04-88D9-B89222D94AD4}.SDL-Debug|x64.Build.0 = Debug|x64
		{9EE2391D-C2C7-3E04-88D9-B89222D94AD4}.SDL-Debug|x86.ActiveCfg = RelWithDebInfo|x64
		{9EE2391D-C2C7-3E04-88D9-B89222D94AD4}.SDL-Debug|x86.Build.0 = RelWithDebInfo|x64
		{9EE2391D-C2C7-3E04-88D9-B89222D94AD4}.Static lib - Debug|x64.ActiveCfg = Debug|x64
		{9EE2391D-C2C7-3E04-88D9-B89222D94AD4}.Static lib - Debug|x64.Build.0 = Debug|x64
		{9EE2391D-C2C7-3E04-88D9-B89222D94AD4}.Static lib - Debug|x86.ActiveCfg = RelWithDebInfo|x64
		{9EE2391D-C2C7-3E04-88D9-B89222D94AD4}.Static lib - Debug|x86.Build.0 = RelWithDebInfo|x64
		{9EE2391D-C2C7-3E04-88D9-B89222D94AD4}.Static lib - Release - Fast FPU|x64.ActiveCfg = Release|x64
		{9EE2391D-C2C7-3E04-88D9-B89222D94AD4}.Static lib - Release - Fast FPU|x64.Build.0 = Release|x64
		{9EE2391D-C2C7-3E04-88D9-B89222D94AD4}.Static lib - Release - Fast FPU|x86.ActiveCfg = RelWithDebInfo|x64
		{9EE2391D-C2C7-3E04-88D9-B89222D94AD4}.Static lib - Release - Fast FPU|x86.Build.0 = RelWithDebInfo|x64
		{9EE2391D-C2C7-3E04-88D9-B89222D94AD4}.Static lib - Release|x64.ActiveCfg = Release|x64
		{9EE2391D-C2C7-3E04-88D9-B89222D94AD4}.Static lib - Release|x64.Build.0 = Release|x64
		{9EE2391D-C2C7-3E04-88D9-B89222D94AD4}.Static lib - Release|x86.ActiveCfg = RelWithDebInfo|x64
		{9EE2391D-C2C7-3E04-88D9-B89222D94AD4}.Static lib - Release|x86.Build.0 = RelWithDebInfo|x64
		{13113C69-AB0B-3D77-BF4E-FC1E1DF65446}.Debug|x64.ActiveCfg = Debug|x64
		{13113C69-AB0B-3D77-BF4E-FC1E1DF65446}.Debug|x64.Build.0 = Debug|x64
		{13113C69-AB0B-3D77-BF4E-FC1E1DF65446}.Debug|x86.ActiveCfg = Debug|x64
		{13113C69-AB0B-3D77-BF4E-FC1E1DF65446}.Debug|x86.Build.0 = Debug|x64
		{13113C69-AB0B-3D77-BF4E-FC1E1DF65446}.MinSizeRel|x64.ActiveCfg = MinSizeRel|x64
		{13113C69-AB0B-3D77-BF4E-FC1E1DF65446}.MinSizeRel|x64.Build.0 = MinSizeRel|x64
		{13113C69-AB0B-3D77-BF4E-FC1E1DF65446}.MinSizeRel|x86.ActiveCfg = MinSizeRel|x64
		{13113C69-AB0B-3D77-BF4E-FC1E1DF65446}.MinSizeRel|x86.Build.0 = MinSizeRel|x64
		{13113C69-AB0B-3D77-BF4E-FC1E1DF65446}.Release - Fast FPU|x64.ActiveCfg = Release|x64
		{13113C69-AB0B-3D77-BF4E-FC1E1DF65446}.Release - Fast FPU|x64.Build.0 = Release|x64
		{13113C69-AB0B-3D77-BF4E-FC1E1DF65446}.Release - Fast FPU|x86.ActiveCfg = RelWithDebInfo|x64
		{13113C69-AB0B-3D77-BF4E-FC1E1DF65446}.Release - Fast FPU|x86.Build.0 = RelWithDebInfo|x64
		{13113C69-AB0B-3D77-BF4E-FC1E1DF65446}.Release|x64.ActiveCfg = Release|x64
		{13113C69-AB0B-3D77-BF4E-FC1E1DF65446}.Release|x64.Build.0 = Release|x64
		{13113C69-AB0B-3D77-BF4E-FC1E1DF65446}.Release|x86.ActiveCfg = Release|x64
		{13113C69-AB0B-3D77-BF4E-FC1E1DF65446}.Release|x86.Build.0 = Release|x64
		{13113C69-AB0B-3D77-BF4E-FC1E1DF65446}.RelWithDebInfo|x64.ActiveCfg = RelWithDebInfo|x64
		{13113C69-AB0B-3D77-BF4E-FC1E1DF65446}.RelWithDebInfo|x64.Build.0 = RelWithDebInfo|x64
		{13113C69-AB0B-3D77-BF4E-FC1E1DF65446}.RelWithDebInfo|x86.ActiveCfg = RelWithDebInfo|x64
		{13113C69-AB0B-3D77-BF4E-FC1E1DF65446}.RelWithDebInfo|x86.Build.0 = RelWithDebInfo|x64
		{13113C69-AB0B-3D77-BF4E-FC1E1DF65446}.SDL-Debug|x64.ActiveCfg = Debug|x64
		{13113C69-AB0B-3D77-BF4E-FC1E1DF65446}.SDL-Debug|x64.Build.0 = Debug|x64
		{13113C69-AB0B-3D77-BF4E-FC1E1DF65446}.SDL-Debug|x86.ActiveCfg = RelWithDebInfo|x64
		{13113C69-AB0B-3D77-BF4E-FC1E1DF65446}.SDL-Debug|x86.Build.0 = RelWithDebInfo|x64
		{13113C69-AB0B-3D77-BF4E-FC1E1DF65446}.Static lib - Debug|x64.ActiveCfg = Debug|x64
		{13113C69-AB0B-3D77-BF4E-FC1E1DF65446}.Static lib - Debug|x64.Build.0 = Debug|x64
		{13113C69-AB0B-3D77-BF4E-FC1E1DF65446}.Static lib - Debug|x86.ActiveCfg = RelWithDebInfo|x64
		{13113C69-AB0B-3D77-BF4E-FC1E1DF65446}.Static lib - Debug|x86.Build.0 = RelWithDebInfo|x64
		{13113C69-AB0B-3D77-BF4E-FC1E1DF65446}.Static lib - Release - Fast FPU|x64.ActiveCfg = Release|x64
		{13113C69-AB0B-3D77-BF4E-FC1E1DF65446}.Static lib - Release - Fast FPU|x64.Build.0 = Release|x64
		{13113C69-AB0B-3D77-BF4E-FC1E1DF65446}.Static lib - Release - Fast FPU|x86.ActiveCfg = RelWithDebInfo|x64
		{13113C69-AB0B-3D77-BF4E-FC1E1DF65446}.Static lib - Release - Fast FPU|x86.Build.0 = RelWithDebInfo|x64
		{13113C69-AB0B-3D77-BF4E-FC1E1DF65446}.Static lib - Release|x64.ActiveCfg = Release|x64
		{13113C69-AB0B-3D77-BF4E-FC1E1DF65446}.Static lib - Release|x64.Build.0 = Release|x64
		{13113C69-AB0B-3D77-BF4E-FC1E1DF65446}.Static lib - Release|x86.ActiveCfg = RelWithDebInfo|x64
		{13113C69-AB0B-3D77-BF4E-FC1E1DF65446}.Static lib - Release|x86.Build.0 = RelWithDebInfo|x64
		{C425B0BE-284F-3887-A457-0C8FB76E313F}.Debug|x64.ActiveCfg = Debug|x64
		{C425B0BE-284F-3887-A457-0C8FB76E313F}.Debug|x64.Build.0 = Debug|x64
		{C425B0BE-284F-3887-A457-0C8FB76E313F}.Debug|x86.ActiveCfg = Debug|x64
		{C425B0BE-284F-3887-A457-0C8FB76E313F}.Debug|x86.Build.0 = Debug|x64
		{C425B0BE-284F-3887-A457-0C8FB76E313F}.MinSizeRel|x64.ActiveCfg = MinSizeRel|x64
		{C425B0BE-284F-3887-A457-0C8FB76E313F}.MinSizeRel|x64.Build.0 = MinSizeRel|x64
		{C425B0BE-284F-3887-A457-0C8FB76E313F}.MinSizeRel|x86.ActiveCfg = MinSizeRel|x64
		{C425B0BE-284F-3887-A457-0C8FB76E313F}.MinSizeRel|x86.Build.0 = MinSizeRel|x64
		{C425B0BE-284F-3887-A457-0C8FB76E313F}.Release - Fast FPU|x64.ActiveCfg = Release|x64
		{C425B0BE-284F-3887-A457-0C8FB76E313F}.Release - Fast FPU|x64.Build.0 = Release|x64
		{C425B0BE-284F-3887-A457-0C8FB76E313F}.Release - Fast FPU|x86.ActiveCfg = RelWithDebInfo|x64
		{C425B0BE-284F-3887-A457-0C8FB76E313F}.Release - Fast FPU|x86.Build.0 = RelWithDebInfo|x64
		{C425B0BE-284F-3887-A457-0C8FB76E313F}.Release|x64.ActiveCfg = Release|x64
		{C425B0BE-284F-3887-A457-0C8FB76E313F}.Release|x64.Build.0 = Release|x64
		{C425B0BE-284F-3887-A457-0C8FB76E313F}.Release|x86.ActiveCfg = Release|x64
		{C425B0BE-284F-3887-A457-0C8FB76E313F}.Release|x86.Build.0 = Release|x64
		{C425B0BE-284F-3887-A457-0C8FB76E313F}.RelWithDebInfo|x64.ActiveCfg = RelWithDebInfo|x64
		{C425B0BE-284F-3887-A457-0C8FB76E313F}.RelWithDebInfo|x64.Build.0 = RelWithDebInfo|x64
		{C425B0BE-284F-3887-A457-0C8FB76E313F}.RelWithDebInfo|x86.ActiveCfg = RelWithDebInfo|x64
		{C425B0BE-284F-3887-A457-0C8FB76E313F}.RelWithDebInfo|x86.Build.0 = RelWithDebInfo|x64
		{C425B0BE-284F-3887-A457-0C8FB76E313F}.SDL-Debug|x64.ActiveCfg = Debug|x64
		{C425B0BE-284F-3887-A457-0C8FB76E313F}.SDL-Debug|x64.Build.0 = Debug|x64
		{C425B0BE-284F-3887-A457-0C8FB76E313F}.SDL-Debug|x86.ActiveCfg = RelWithDebInfo|x64
		{C425B0BE-284F-3887-A457-0C8FB76E313F}.SDL-Debug|x86.Build.0 = RelWithDebInfo|x64
		{C425B0BE-284F-3887-A457-0C8FB76E313F}.Static lib - Debug|x64.ActiveCfg = Debug|x64
		{C425B0BE-284F-3887-A457-0C8FB76E313F}.Static lib - Debug|x64.Build.0 = Debug|x64
		{C425B0BE-284F-3887-A457-0C8FB76E313F}.Static lib - Debug|x86.ActiveCfg = RelWithDebInfo|x64
		{C425B0BE-284F-3887-A457-0C8FB76E313F}.Static lib - Debug|x86.Build.0 = RelWithDebInfo|x64
		{C425B0BE-284F-3887-A457-0C8FB76E313F}.Static lib - Release - Fast FPU|x64.ActiveCfg = Release|x64
		{C425B0BE-284F-3887-A457-0C8FB76E313F}.Static lib - Release - Fast FPU|x64.Build.0 = Release|x64
		{C425B0BE-284F-3887-A457-0C8FB76E313F}.Static lib - Release - Fast FPU|x86.ActiveCfg = RelWithDebInfo|x64
		{C425B0BE-284F-3887-A457-0C8FB76E313F}.Static lib - Release - Fast FPU|x86.Build.0 = RelWithDebInfo|x64
		{C425B0BE-284F-3887-A457-0C8FB76E313F}.Static lib - Release|x64.ActiveCfg = Release|x64
		{C425B0BE-284F-3887-A457-0C8FB76E313F}.Static lib - Release|x64.Build.0 = Release|x64
		{C425B0BE-284F-3887-A457-0C8FB76E313F}.Static lib - Release|x86.ActiveCfg = RelWithDebInfo|x64
		{C425B0BE-284F-3887-A457-0C8FB76E313F}.Static lib - Release|x86.Build.0 = RelWithDebInfo|x64
		{B1FFD551-07DB-300D-A04B-F445E0EBD162}.Debug|x64.ActiveCfg = Debug|x64
		{B1FFD551-07DB-300D-A04B-F445E0EBD162}.Debug|x64.Build.0 = Debug|x64
		{B1FFD551-07DB-300D-A04B-F445E0EBD162}.Debug|x86.ActiveCfg = Debug|x64
		{B1FFD551-07DB-300D-A04B-F445E0EBD162}.Debug|x86.Build.0 = Debug|x64
		{B1FFD551-07DB-300D-A04B-F445E0EBD162}.MinSizeRel|x64.ActiveCfg = MinSizeRel|x64
		{B1FFD551-07DB-300D-A04B-F445E0EBD162}.MinSizeRel|x64.Build.0 = MinSizeRel|x64
		{B1FFD551-07DB-300D-A04B-F445E0EBD162}.MinSizeRel|x86.ActiveCfg = MinSizeRel|x64
		{B1FFD551-07DB-300D-A04B-F445E0EBD162}.MinSizeRel|x86.Build.0 = MinSizeRel|x64
		{B1FFD551-07DB-300D-A04B-F445E0EBD162}.Release - Fast FPU|x64.ActiveCfg = Release|x64
		{B1FFD551-07DB-300D-A04B-F445E0EBD162}.Release - Fast FPU|x64.Build.0 = Release|x64
		{B1FFD551-07DB-300D-A04B-F445E0EBD162}.Release - Fast FPU|x86.ActiveCfg = RelWithDebInfo|x64
		{B1FFD551-07DB-300D-A04B-F445E0EBD162}.Release - Fast FPU|x86.Build.0 = RelWithDebInfo|x64
		{B1FFD551-07DB-300D-A04B-F445E0EBD162}.Release|x64.ActiveCfg = Release|x64
		{B1FFD551-07DB-300D-A04B-F445E0EBD162}.Release|x64.Build.0 = Release|x64
		{B1FFD551-07DB-300D-A04B-F445E0EBD162}.Release|x86.ActiveCfg = Release|x64
		{B1FFD551-07DB-300D-A04B-F445E0EBD162}.Release|x86.Build.0 = Release|x64
		{B1FFD551-07DB-300D-A04B-F445E0EBD162}.RelWithDebInfo|x64.ActiveCfg = RelWithDebInfo|x64
		{B1FFD551-07DB-300D-A04B-F445E0EBD162}.RelWithDebInfo|x64.Build.0 = RelWithDebInfo|x64
		{B1FFD551-07DB-300D-A04B-F445E0EBD162}.RelWithDebInfo|x86.ActiveCfg = RelWithDebInfo|x64
		{B1FFD551-07DB-300D-A04B-F445E0EBD162}.RelWithDebInfo|x86.Build.0 = RelWithDebInfo|x64
		{B1FFD551-07DB-300D-A04B-F445E0EBD162}.SDL-Debug|x64.ActiveCfg = Debug|x64
		{B1FFD551-07DB-300D-A04B-F445E0EBD162}.SDL-Debug|x64.Build.0 = Debug|x64
		{B1FFD551-07DB-300D-A04B-F445E0EBD162}.SDL-Debug|x86.ActiveCfg = RelWithDebInfo|x64
		{B1FFD551-07DB-300D-A04B-F445E0EBD162}.SDL-Debug|x86.Build.0 = RelWithDebInfo|x64
		{B1FFD551-07DB-300D-A04B-F445E0EBD162}.Static lib - Debug|x64.ActiveCfg = Debug|x64
		{B1FFD551-07DB-300D-A04B-F445E0EBD162}.Static lib - Debug|x64.Build.0 = Debug|x64
		{B1FFD551-07DB-300D-A04B-F445E0EBD162}.Static lib - Debug|x86.ActiveCfg = RelWithDebInfo|x64
		{B1FFD551-07DB-300D-A04B-F445E0EBD162}.Static lib - Debug|x86.Build.0 = RelWithDebInfo|x64
		{B1FFD551-07DB-300D-A04B-F445E0EBD162}.Static lib - Release - Fast FPU|x64.ActiveCfg = Release|x64
		{B1FFD551-07DB-300D-A04B-F445E0EBD162}.Static lib - Release - Fast FPU|x64.Build.0 = Release|x64
		{B1FFD551-07DB-300D-A04B-F445E0EBD162}.Static lib - Release - Fast FPU|x86.ActiveCfg = RelWithDebInfo|x64
		{B1FFD551-07DB-300D-A04B-F445E0EBD162}.Static lib - Release - Fast FPU|x86.Build.0 = RelWithDebInfo|x64
		{B1FFD551-07DB-300D-A04B-F445E0EBD162}.Static lib - Release|x64.ActiveCfg = Release|x64
		{B1FFD551-07DB-300D-A04B-F445E0EBD162}.Static lib - Release|x64.Build.0 = Release|x64
		{B1FFD551-07DB-300D-A04B-F445E0EBD162}.Static lib - Release|x86.ActiveCfg = RelWithDebInfo|x64
		{B1FFD551-07DB-300D-A04B-F445E0EBD162}.Static lib - Release|x86.Build.0 = RelWithDebInfo|x64
		{50DF2077-1F4E-33A6-AE33-085826E2C680}.Debug|x64.ActiveCfg = Debug|x64
		{50DF2077-1F4E-33A6-AE33-085826E2C680}.Debug|x64.Build.0 = Debug|x64
		{50DF2077-1F4E-33A6-AE33-085826E2C680}.Debug|x86.ActiveCfg = Debug|x64
		{50DF2077-1F4E-33A6-AE33-085826E2C680}.Debug|x86.Build.0 = Debug|x64
		{50DF2077-1F4E-33A6-AE33-085826E2C680}.MinSizeRel|x64.ActiveCfg = MinSizeRel|x64
		{50DF2077-1F4E-33A6-AE33-085826E2C680}.MinSizeRel|x64.Build.0 = MinSizeRel|x64
		{50DF2077-1F4E-33A6-AE33-085826E2C680}.MinSizeRel|x86.ActiveCfg = MinSizeRel|x64
		{50DF2077-1F4E-33A6-AE33-085826E2C680}.MinSizeRel|x86.Build.0 = MinSizeRel|x64
		{50DF2077-1F4E-33A6-AE33-085826E2C680}.Release - Fast FPU|x64.ActiveCfg = Release|x64
		{50DF2077-1F4E-33A6-AE33-085826E2C680}.Release - Fast FPU|x64.Build.0 = Release|x64
		{50DF2077-1F4E-33A6-AE33-085826E2C680}.Release - Fast FPU|x86.ActiveCfg = RelWithDebInfo|x64
		{50DF2077-1F4E-33A6-AE33-085826E2C680}.Release - Fast FPU|x86.Build.0 = RelWithDebInfo|x64
		{50DF2077-1F4E-33A6-AE33-085826E2C680}.Release|x64.ActiveCfg = Release|x64
		{50DF2077-1F4E-33A6-AE33-085826E2C680}.Release|x64.Build.0 = Release|x64
		{50DF2077-1F4E-33A6-AE33-085826E2C680}.Release|x86.ActiveCfg = Release|x64
		{50DF2077-1F4E-33A6-AE33-085826E2C680}.Release|x86.Build.0 = Release|x64
		{50DF2077-1F4E-33A6-AE33-085826E2C680}.RelWithDebInfo|x64.ActiveCfg = RelWithDebInfo|x64
		{50DF2077-1F4E-33A6-AE33-085826E2C680}.RelWithDebInfo|x64.Build.0 = RelWithDebInfo|x64
		{50DF2077-1F4E-33A6-AE33-085826E2C680}.RelWithDebInfo|x86.ActiveCfg = RelWithDebInfo|x64
		{50DF2077-1F4E-33A6-AE33-085826E2C680}.RelWithDebInfo|x86.Build.0 = RelWithDebInfo|x64
		{50DF2077-1F4E-33A6-AE33-085826E2C680}.SDL-Debug|x64.ActiveCfg = Debug|x64
		{50DF2077-1F4E-33A6-AE33-085826E2C680}.SDL-Debug|x64.Build.0 = Debug|x64
		{50DF2077-1F4E-33A6-AE33-085826E2C680}.SDL-Debug|x86.ActiveCfg = RelWithDebInfo|x64
		{50DF2077-1F4E-33A6-AE33-085826E2C680}.SDL-Debug|x86.Build.0 = RelWithDebInfo|x64
		{50DF2077-1F4E-33A6-AE33-085826E2C680}.Static lib - Debug|x64.ActiveCfg = Debug|x64
		{50DF2077-1F4E-33A6-AE33-085826E2C680}.Static lib - Debug|x64.Build.0 = Debug|x64
		{50DF2077-1F4E-33A6-AE33-085826E2C680}.Static lib - Debug|x86.ActiveCfg = RelWithDebInfo|x64
		{50DF2077-1F4E-33A6-AE33-085826E2C680}.Static lib - Debug|x86.Build.0 = RelWithDebInfo|x64
		{50DF2077-1F4E-33A6-AE33-085826E2C680}.Static lib - Release - Fast FPU|x64.ActiveCfg = Release|x64
		{50DF2077-1F4E-33A6-AE33-085826E2C680}.Static lib - Release - Fast FPU|x64.Build.0 = Release|x64
		{50DF2077-1F4E-33A6-AE33-085826E2C680}.Static lib - Release - Fast FPU|x86.ActiveCfg = RelWithDebInfo|x64
		{50DF2077-1F4E-33A6-AE33-085826E2C680}.Static lib - Release - Fast FPU|x86.Build.0 = RelWithDebInfo|x64
		{50DF2077-1F4E-33A6-AE33-085826E2C680}.Static lib - Release|x64.ActiveCfg = Release|x64
		{50DF2077-1F4E-33A6-AE33-085826E2C680}.Static lib - Release|x64.Build.0 = Release|x64
		{50DF2077-1F4E-33A6-AE33-085826E2C680}.Static lib - Release|x86.ActiveCfg = RelWithDebInfo|x64
		{50DF2077-1F4E-33A6-AE33-085826E2C680}.Static lib - Release|x86.Build.0 = RelWithDebInfo|x64
		{D48E1852-DB54-3995-B15B-0A2CA7B637A2}.Debug|x64.ActiveCfg = Debug|x64
		{D48E1852-DB54-3995-B15B-0A2CA7B637A2}.Debug|x64.Build.0 = Debug|x64
		{D48E1852-DB54-3995-B15B-0A2CA7B637A2}.Debug|x86.ActiveCfg = Debug|x64
		{D48E1852-DB54-3995-B15B-0A2CA7B637A2}.Debug|x86.Build.0 = Debug|x64
		{D48E1852-DB54-3995-B15B-0A2CA7B637A2}.MinSizeRel|x64.ActiveCfg = MinSizeRel|x64
		{D48E1852-DB54-3995-B15B-0A2CA7B637A2}.MinSizeRel|x64.Build.0 = MinSizeRel|x64
		{D48E1852-DB54-3995-B15B-0A2CA7B637A2}.MinSizeRel|x86.ActiveCfg = MinSizeRel|x64
		{D48E1852-DB54-3995-B15B-0A2CA7B637A2}.MinSizeRel|x86.Build.0 = MinSizeRel|x64
		{D48E1852-DB54-3995-B15B-0A2CA7B637A2}.Release - Fast FPU|x64.ActiveCfg = Release|x64
		{D48E1852-DB54-3995-B15B-0A2CA7B637A2}.Release - Fast FPU|x64.Build.0 = Release|x64
		{D48E1852-DB54-3995-B15B-0A2CA7B637A2}.Release - Fast FPU|x86.ActiveCfg = RelWithDebInfo|x64
		{D48E1852-DB54-3995-B15B-0A2CA7B637A2}.Release - Fast FPU|x86.Build.0 = RelWithDebInfo|x64
		{D48E1852-DB54-3995-B15B-0A2CA7B637A2}.Release|x64.ActiveCfg = Release|x64
		{D48E1852-DB54-3995-B15B-0A2CA7B637A2}.Release|x64.Build.0 = Release|x64
		{D48E1852-DB54-3995-B15B-0A2CA7B637A2}.Release|x86.ActiveCfg = Release|x64
		{D48E1852-DB54-3995-B15B-0A2CA7B637A2}.Release|x86.Build.0 = Release|x64
		{D48E1852-DB54-3995-B15B-0A2CA7B637A2}.RelWithDebInfo|x64.ActiveCfg = RelWithDebInfo|x64
		{D48E1852-DB54-3995-B15B-0A2CA7B637A2}.RelWithDebInfo|x64.Build.0 = RelWithDebInfo|x64
		{D48E1852-DB54-3995-B15B-0A2CA7B637A2}.RelWithDebInfo|x86.ActiveCfg = RelWithDebInfo|x64
		{D48E1852-DB54-3995-B15B-0A2CA7B637A2}.RelWithDebInfo|x86.Build.0 = RelWithDebInfo|x64
		{D48E1852-DB54-3995-B15B-0A2CA7B637A2}.SDL-Debug|x64.ActiveCfg = Debug|x64
		{D48E1852-DB54-3995-B15B-0A2CA7B637A2}.SDL-Debug|x64.Build.0 = Debug|x64
		{D48E1852-DB54-3995-B15B-0A2CA7B637A2}.SDL-Debug|x86.ActiveCfg = RelWithDebInfo|x64
		{D48E1852-DB54-3995-B15B-0A2CA7B637A2}.SDL-Debug|x86.Build.0 = RelWithDebInfo|x64
		{D48E1852-DB54-3995-B15B-0A2CA7B637A2}.Static lib - Debug|x64.ActiveCfg = Debug|x64
		{D48E1852-DB54-3995-B15B-0A2CA7B637A2}.Static lib - Debug|x64.Build.0 = Debug|x64
		{D48E1852-DB54-3995-B15B-0A2CA7B637A2}.Static lib - Debug|x86.ActiveCfg = RelWithDebInfo|x64
		{D48E1852-DB54-3995-B15B-0A2CA7B637A2}.Static lib - Debug|x86.Build.0 = RelWithDebInfo|x64
		{D48E1852-DB54-3995-B15B-0A2CA7B637A2}.Static lib - Release - Fast FPU|x64.ActiveCfg = Release|x64
		{D48E1852-DB54-3995-B15B-0A2CA7B637A2}.Static lib - Release - Fast FPU|x64.Build.0 = Release|x64
		{D48E1852-DB54-3995-B15B-0A2CA7B637A2}.Static lib - Release - Fast FPU|x86.ActiveCfg = RelWithDebInfo|x64
		{D48E1852-DB54-3995-B15B-0A2CA7B637A2}.Static lib - Release - Fast FPU|x86.Build.0 = RelWithDebInfo|x64
		{D48E1852-DB54-3995-B15B-0A2CA7B637A2}.Static lib - Release|x64.ActiveCfg = Release|x64
		{D48E1852-DB54-3995-B15B-0A2CA7B637A2}.Static lib - Release|x64.Build.0 = Release|x64
		{D48E1852-DB54-3995-B15B-0A2CA7B637A2}.Static lib - Release|x86.ActiveCfg = RelWithDebInfo|x64
		{D48E1852-DB54-3995-B15B-0A2CA7B637A2}.Static lib - Release|x86.Build.0 = RelWithDebInfo|x64
		{665884B8-A497-3DD1-809F-1E0BDFA5113E}.Debug|x64.ActiveCfg = Debug|x64
		{665884B8-A497-3DD1-809F-1E0BDFA5113E}.Debug|x64.Build.0 = Debug|x64
		{665884B8-A497-3DD1-809F-1E0BDFA5113E}.Debug|x86.ActiveCfg = Debug|x64
		{665884B8-A497-3DD1-809F-1E0BDFA5113E}.Debug|x86.Build.0 = Debug|x64
		{665884B8-A497-3DD1-809F-1E0BDFA5113E}.MinSizeRel|x64.ActiveCfg = MinSizeRel|x64
		{665884B8-A497-3DD1-809F-1E0BDFA5113E}.MinSizeRel|x64.Build.0 = MinSizeRel|x64
		{665884B8-A497-3DD1-809F-1E0BDFA5113E}.MinSizeRel|x86.ActiveCfg = MinSizeRel|x64
		{665884B8-A497-3DD1-809F-1E0BDFA5113E}.MinSizeRel|x86.Build.0 = MinSizeRel|x64
		{665884B8-A497-3DD1-809F-1E0BDFA5113E}.Release - Fast FPU|x64.ActiveCfg = Release|x64
		{665884B8-A497-3DD1-809F-1E0BDFA5113E}.Release - Fast FPU|x64.Build.0 = Release|x64
		{665884B8-A497-3DD1-809F-1E0BDFA5113E}.Release - Fast FPU|x86.ActiveCfg = RelWithDebInfo|x64
		{665884B8-A497-3DD1-809F-1E0BDFA5113E}.Release - Fast FPU|x86.Build.0 = RelWithDebInfo|x64
		{665884B8-A497-3DD1-809F-1E0BDFA5113E}.Release|x64.ActiveCfg = Release|x64
		{665884B8-A497-3DD1-809F-1E0BDFA5113E}.Release|x64.Build.0 = Release|x64
		{665884B8-A497-3DD1-809F-1E0BDFA5113E}.Release|x86.ActiveCfg = Release|x64
		{665884B8-A497-3DD1-809F-1E0BDFA5113E}.Release|x86.Build.0 = Release|x64
		{665884B8-A497-3DD1-809F-1E0BDFA5113E}.RelWithDebInfo|x64.ActiveCfg = RelWithDebInfo|x64
		{665884B8-A497-3DD1-809F-1E0BDFA5113E}.RelWithDebInfo|x64.Build.0 = RelWithDebInfo|x64
		{665884B8-A497-3DD1-809F-1E0BDFA5113E}.RelWithDebInfo|x86.ActiveCfg = RelWithDebInfo|x64
		{665884B8-A497-3DD1-809F-1E0BDFA5113E}.RelWithDebInfo|x86.Build.0 = RelWithDebInfo|x64
		{665884B8-A497-3DD1-809F-1E0BDFA5113E}.SDL-Debug|x64.ActiveCfg = Debug|x64
		{665884B8-A497-3DD1-809F-1E0BDFA5113E}.SDL-Debug|x64.Build.0 = Debug|x64
		{665884B8-A497-3DD1-809F-1E0BDFA5113E}.SDL-Debug|x86.ActiveCfg = RelWithDebInfo|x64
		{665884B8-A497-3DD1-809F-1E0BDFA5113E}.SDL-Debug|x86.Build.0 = RelWithDebInfo|x64
		{665884B8-A497-3DD1-809F-1E0BDFA5113E}.Static lib - Debug|x64.ActiveCfg = Debug|x64
		{665884B8-A497-3DD1-809F-1E0BDFA5113E}.Static lib - Debug|x64.Build.0 = Debug|x64
		{665884B8-A497-3DD1-809F-1E0BDFA5113E}.Static lib - Debug|x86.ActiveCfg = RelWithDebInfo|x64
		{665884B8-A497-3DD1-809F-1E0BDFA5113E}.Static lib - Debug|x86.Build.0 = RelWithDebInfo|x64
		{665884B8-A497-3DD1-809F-1E0BDFA5113E}.Static lib - Release - Fast FPU|x64.ActiveCfg = Release|x64
		{665884B8-A497-3DD1-809F-1E0BDFA5113E}.Static lib - Release - Fast FPU|x64.Build.0 = Release|x64
		{665884B8-A497-3DD1-809F-1E0BDFA5113E}.Static lib - Release - Fast FPU|x86.ActiveCfg = RelWithDebInfo|x64
		{665884B8-A497-3DD1-809F-1E0BDFA5113E}.Static lib - Release - Fast FPU|x86.Build.0 = RelWithDebInfo|x64
		{665884B8-A497-3DD1-809F-1E0BDFA5113E}.Static lib - Release|x64.ActiveCfg = Release|x64
		{665884B8-A497-3DD1-809F-1E0BDFA5113E}.Static lib - Release|x64.Build.0 = Release|x64
		{665884B8-A497-3DD1-809F-1E0BDFA5113E}.Static lib - Release|x86.ActiveCfg = RelWithDebInfo|x64
		{665884B8-A497-3DD1-809F-1E0BDFA5113E}.Static lib - Release|x86.Build.0 = RelWithDebInfo|x64
	EndGlobalSection
	GlobalSection(SolutionProperties) = preSolution
		HideSolutionNode = FALSE
	EndGlobalSection
	GlobalSection(NestedProjects) = preSolution
		{5AB23E36-B1EA-3005-9A8D-6D5DE1EBC6B7} = {061214BC-510F-4821-94BE-E6E2D691C5DD}
		{C132E547-F678-3522-9445-D695A77BB14A} = {061214BC-510F-4821-94BE-E6E2D691C5DD}
		{B08B6BEB-6122-3CBE-A6CB-4E4D73AC61E6} = {061214BC-510F-4821-94BE-E6E2D691C5DD}
		{05D20A83-1EC0-34F4-A6CD-E9BE0FE938BE} = {061214BC-510F-4821-94BE-E6E2D691C5DD}
		{9EE2391D-C2C7-3E04-88D9-B89222D94AD4} = {061214BC-510F-4821-94BE-E6E2D691C5DD}
		{13113C69-AB0B-3D77-BF4E-FC1E1DF65446} = {061214BC-510F-4821-94BE-E6E2D691C5DD}
		{C425B0BE-284F-3887-A457-0C8FB76E313F} = {061214BC-510F-4821-94BE-E6E2D691C5DD}
		{B1FFD551-07DB-300D-A04B-F445E0EBD162} = {061214BC-510F-4821-94BE-E6E2D691C5DD}
		{50DF2077-1F4E-33A6-AE33-085826E2C680} = {061214BC-510F-4821-94BE-E6E2D691C5DD}
		{D48E1852-DB54-3995-B15B-0A2CA7B637A2} = {061214BC-510F-4821-94BE-E6E2D691C5DD}
		{665884B8-A497-3DD1-809F-1E0BDFA5113E} = {061214BC-510F-4821-94BE-E6E2D691C5DD}
	EndGlobalSection
	GlobalSection(ExtensibilityGlobals) = postSolution
		SolutionGuid = {4B5096E2-FAC7-40A3-B164-0181E7ABF112}
	EndGlobalSection
EndGlobal
